
Microsoft Visual Studio Solution File, Format Version 12.00
# Visual Studio 15
VisualStudioVersion = 15.0.27004.2005
MinimumVisualStudioVersion = 10.0.40219.1
Project("{FAE04EC0-301F-11D3-BF4B-00C04F79EFBC}") = "CRM_stat1", "CRM_stat1\CRM_stat1.csproj", "{7CA1B6CA-C2C0-4105-9060-7F02F64D10F0}"
EndProject
Global
	GlobalSection(SolutionConfigurationPlatforms) = preSolution
		Debug|Any CPU = Debug|Any CPU
		Release|Any CPU = Release|Any CPU
	EndGlobalSection
	GlobalSection(ProjectConfigurationPlatforms) = postSolution
		{7CA1B6CA-C2C0-4105-9060-7F02F64D10F0}.Debug|Any CPU.ActiveCfg = Debug|Any CPU
		{7CA1B6CA-C2C0-4105-9060-7F02F64D10F0}.Debug|Any CPU.Build.0 = Debug|Any CPU
		{7CA1B6CA-C2C0-4105-9060-7F02F64D10F0}.Release|Any CPU.ActiveCfg = Release|Any CPU
		{7CA1B6CA-C2C0-4105-9060-7F02F64D10F0}.Release|Any CPU.Build.0 = Release|Any CPU
	EndGlobalSection
	GlobalSection(SolutionProperties) = preSolution
		HideSolutionNode = FALSE
	EndGlobalSection
	GlobalSection(ExtensibilityGlobals) = postSolution
		SolutionGuid = {D288170C-B25B-4E2E-B814-162DA46537C3}
	EndGlobalSection
EndGlobal
